# Exact development environment qualified locally on CPython 3.13.14.
# Includes requirements.lock. This is version-locked but not artifact/hash-locked.
Pygments==2.20.0
annotated-types==0.8.0
cffi==2.1.1
coverage==7.15.4
cryptography==46.0.7
iniconfig==2.3.0
librt==0.15.0
mypy==1.20.2
mypy_extensions==1.1.0
packaging==26.3
pathspec==1.1.1
pluggy==1.6.0
pycparser==3.0
pydantic==2.13.4
pydantic_core==2.46.4
pytest-asyncio==1.4.0
pytest==9.1.1
ruff==0.16.2
typing-inspection==0.4.4
typing_extensions==4.16.0
